
Microsoft Visual Studio Solution File, Format Version 12.00
# Visual Studio Version 16
VisualStudioVersion = 16.0.28803.352
MinimumVisualStudioVersion = 10.0.40219.1
Project("{FAE04EC0-301F-11D3-BF4B-00C04F79EFBC}") = "DatabaseGUI", "DatabaseGUI\DatabaseGUI.csproj", "{42D297A7-27B0-4BF9-9741-B7A918C2E1E1}"
EndProject
Global
	GlobalSection(SolutionConfigurationPlatforms) = preSolution
		Debug|Any CPU = Debug|Any CPU
		Release|Any CPU = Release|Any CPU
	EndGlobalSection
	GlobalSection(ProjectConfigurationPlatforms) = postSolution
		{42D297A7-27B0-4BF9-9741-B7A918C2E1E1}.Debug|Any CPU.ActiveCfg = Debug|Any CPU
		{42D297A7-27B0-4BF9-9741-B7A918C2E1E1}.Debug|Any CPU.Build.0 = Debug|Any CPU
		{42D297A7-27B0-4BF9-9741-B7A918C2E1E1}.Release|Any CPU.ActiveCfg = Release|Any CPU
		{42D297A7-27B0-4BF9-9741-B7A918C2E1E1}.Release|Any CPU.Build.0 = Release|Any CPU
	EndGlobalSection
	GlobalSection(SolutionProperties) = preSolution
		HideSolutionNode = FALSE
	EndGlobalSection
	GlobalSection(ExtensibilityGlobals) = postSolution
		SolutionGuid = {76E5F57C-67D3-40F3-9F40-5B8731F3F920}
	EndGlobalSection
EndGlobal
